
Microsoft Visual Studio Solution File, Format Version 12.00
# Visual Studio Version 16
VisualStudioVersion = 16.0.32602.291
MinimumVisualStudioVersion = 10.0.40219.1
Project("{FAE04EC0-301F-11D3-BF4B-00C04F79EFBC}") = "Coding Challenges", "Coding Challenges.csproj", "{5B9D4000-0A6D-4A75-887D-DC9D12BE799A}"
EndProject
Global
	GlobalSection(SolutionConfigurationPlatforms) = preSolution
		Debug|Any CPU = Debug|Any CPU
		Release|Any CPU = Release|Any CPU
	EndGlobalSection
	GlobalSection(ProjectConfigurationPlatforms) = postSolution
		{5B9D4000-0A6D-4A75-887D-DC9D12BE799A}.Debug|Any CPU.ActiveCfg = Debug|Any CPU
		{5B9D4000-0A6D-4A75-887D-DC9D12BE799A}.Debug|Any CPU.Build.0 = Debug|Any CPU
		{5B9D4000-0A6D-4A75-887D-DC9D12BE799A}.Release|Any CPU.ActiveCfg = Release|Any CPU
		{5B9D4000-0A6D-4A75-887D-DC9D12BE799A}.Release|Any CPU.Build.0 = Release|Any CPU
	EndGlobalSection
	GlobalSection(SolutionProperties) = preSolution
		HideSolutionNode = FALSE
	EndGlobalSection
	GlobalSection(ExtensibilityGlobals) = postSolution
		SolutionGuid = {BA16C2C1-EF69-4EAE-9EA4-92013A8AEA9B}
	EndGlobalSection
EndGlobal
